
Microsoft Visual Studio Solution File, Format Version 12.00
# Visual Studio Version 16
VisualStudioVersion = 16.0.28803.156
MinimumVisualStudioVersion = 10.0.40219.1
Project("{9A19103F-16F7-4668-BE54-9A1E7A4F7556}") = "backEnd-Master", "backEnd-Master.csproj", "{F47DE159-BD37-4B5C-A49B-7A79B8C24576}"
EndProject
Project("{2150E333-8FDC-42A3-9474-1A3956D46DE8}") = "src", "src", "{E3F5D1C3-A317-49B2-ACCE-A459FEA41AF1}"
EndProject
Project("{2150E333-8FDC-42A3-9474-1A3956D46DE8}") = "Global", "Global", "{9543B0EC-E8FD-4613-903B-5CF69547FEB3}"
	ProjectSection(SolutionItems) = preProject
		..\global.json = ..\global.json
	EndProjectSection
EndProject
Project("{2150E333-8FDC-42A3-9474-1A3956D46DE8}") = "Test", "Test", "{F88429D3-6C2E-4609-9DBC-501456A4F53D}"
EndProject
Project("{9A19103F-16F7-4668-BE54-9A1E7A4F7556}") = "backEnd-Test", "..\Test\backEnd-Test\backEnd-Test.csproj", "{C93AFE24-7540-41EA-90D2-5DDB264BF2D8}"
EndProject
Global
	GlobalSection(SolutionConfigurationPlatforms) = preSolution
		Debug|Any CPU = Debug|Any CPU
		Release|Any CPU = Release|Any CPU
	EndGlobalSection
	GlobalSection(ProjectConfigurationPlatforms) = postSolution
		{F47DE159-BD37-4B5C-A49B-7A79B8C24576}.Debug|Any CPU.ActiveCfg = Debug|Any CPU
		{F47DE159-BD37-4B5C-A49B-7A79B8C24576}.Debug|Any CPU.Build.0 = Debug|Any CPU
		{F47DE159-BD37-4B5C-A49B-7A79B8C24576}.Release|Any CPU.ActiveCfg = Release|Any CPU
		{F47DE159-BD37-4B5C-A49B-7A79B8C24576}.Release|Any CPU.Build.0 = Release|Any CPU
		{C93AFE24-7540-41EA-90D2-5DDB264BF2D8}.Debug|Any CPU.ActiveCfg = Debug|Any CPU
		{C93AFE24-7540-41EA-90D2-5DDB264BF2D8}.Debug|Any CPU.Build.0 = Debug|Any CPU
		{C93AFE24-7540-41EA-90D2-5DDB264BF2D8}.Release|Any CPU.ActiveCfg = Release|Any CPU
		{C93AFE24-7540-41EA-90D2-5DDB264BF2D8}.Release|Any CPU.Build.0 = Release|Any CPU
	EndGlobalSection
	GlobalSection(SolutionProperties) = preSolution
		HideSolutionNode = FALSE
	EndGlobalSection
	GlobalSection(NestedProjects) = preSolution
		{F47DE159-BD37-4B5C-A49B-7A79B8C24576} = {E3F5D1C3-A317-49B2-ACCE-A459FEA41AF1}
		{C93AFE24-7540-41EA-90D2-5DDB264BF2D8} = {F88429D3-6C2E-4609-9DBC-501456A4F53D}
	EndGlobalSection
	GlobalSection(ExtensibilityGlobals) = postSolution
		SolutionGuid = {343C515A-4B5A-4BE4-B24F-6536C0C246A8}
	EndGlobalSection
EndGlobal
